
Microsoft Visual Studio Solution File, Format Version 12.00
# Visual Studio Version 16
VisualStudioVersion = 16.0.31613.86
MinimumVisualStudioVersion = 10.0.40219.1
Project("{FAE04EC0-301F-11D3-BF4B-00C04F79EFBC}") = "selenium-example-if", "selenium-example-if.csproj", "{6BC98A7D-656D-4315-A4F1-B907D2214B5B}"
EndProject
Global
	GlobalSection(SolutionConfigurationPlatforms) = preSolution
		Debug|Any CPU = Debug|Any CPU
		Release|Any CPU = Release|Any CPU
	EndGlobalSection
	GlobalSection(ProjectConfigurationPlatforms) = postSolution
		{6BC98A7D-656D-4315-A4F1-B907D2214B5B}.Debug|Any CPU.ActiveCfg = Debug|Any CPU
		{6BC98A7D-656D-4315-A4F1-B907D2214B5B}.Debug|Any CPU.Build.0 = Debug|Any CPU
		{6BC98A7D-656D-4315-A4F1-B907D2214B5B}.Release|Any CPU.ActiveCfg = Release|Any CPU
		{6BC98A7D-656D-4315-A4F1-B907D2214B5B}.Release|Any CPU.Build.0 = Release|Any CPU
	EndGlobalSection
	GlobalSection(SolutionProperties) = preSolution
		HideSolutionNode = FALSE
	EndGlobalSection
	GlobalSection(ExtensibilityGlobals) = postSolution
		SolutionGuid = {46C7038F-8C68-480E-A8F0-AD670254C560}
	EndGlobalSection
EndGlobal
